// !$*UTF8*$!
{
	archiveVersion = 1;
	classes = {
	};
	objectVersion = 48;
	objects = {

/* Begin PBXBuildFile section */
		BF63C45020BDF7B600B88474 /* ResourcePath.mm in Sources */ = {isa = PBXBuildFile; fileRef = BF63C44F20BDF7B600B88474 /* ResourcePath.mm */; };
		BF63C45320BDF7B600B88474 /* main.cpp in Sources */ = {isa = PBXBuildFile; fileRef = BF63C45220BDF7B600B88474 /* main.cpp */; };
		BFF3903F20BE044F001BB7A4 /* Clases in Resources */ = {isa = PBXBuildFile; fileRef = BFF3903E20BE044F001BB7A4 /* Clases */; };
		E720612B20BDFC68003DDE57 /* Sounds in Resources */ = {isa = PBXBuildFile; fileRef = E720612520BDFC68003DDE57 /* Sounds */; };
		E720612C20BDFC68003DDE57 /* Trainers in Resources */ = {isa = PBXBuildFile; fileRef = E720612620BDFC68003DDE57 /* Trainers */; };
		E720612D20BDFC68003DDE57 /* Others in Resources */ = {isa = PBXBuildFile; fileRef = E720612720BDFC68003DDE57 /* Others */; };
		E720612E20BDFC68003DDE57 /* Backgrounds in Resources */ = {isa = PBXBuildFile; fileRef = E720612820BDFC68003DDE57 /* Backgrounds */; };
		E720612F20BDFC68003DDE57 /* Pokemons in Resources */ = {isa = PBXBuildFile; fileRef = E720612920BDFC68003DDE57 /* Pokemons */; };
		E720613020BDFC68003DDE57 /* Fonts in Resources */ = {isa = PBXBuildFile; fileRef = E720612A20BDFC68003DDE57 /* Fonts */; };
		E756F95120BEE2110044C2F9 /* Menu.cpp in Sources */ = {isa = PBXBuildFile; fileRef = E756F94F20BEE2110044C2F9 /* Menu.cpp */; };
		E756F96720BF26FB0044C2F9 /* player.cc in Sources */ = {isa = PBXBuildFile; fileRef = E756F95820BF26F90044C2F9 /* player.cc */; };
		E756F96820BF26FB0044C2F9 /* move.cc in Sources */ = {isa = PBXBuildFile; fileRef = E756F95A20BF26FA0044C2F9 /* move.cc */; };
		E756F96920BF26FB0044C2F9 /* type.cc in Sources */ = {isa = PBXBuildFile; fileRef = E756F95B20BF26FA0044C2F9 /* type.cc */; };
		E756F96B20BF26FB0044C2F9 /* pokemon.cc in Sources */ = {isa = PBXBuildFile; fileRef = E756F95E20BF26FA0044C2F9 /* pokemon.cc */; };
		E7C4A65D20BF3599001C1F37 /* item.cc in Sources */ = {isa = PBXBuildFile; fileRef = E7C4A65C20BF3598001C1F37 /* item.cc */; };
/* End PBXBuildFile section */

/* Begin PBXFileReference section */
		BF63C44A20BDF7B600B88474 /* GUI Pokemon.app */ = {isa = PBXFileReference; explicitFileType = wrapper.application; includeInIndex = 0; path = "GUI Pokemon.app"; sourceTree = BUILT_PRODUCTS_DIR; };
		BF63C44E20BDF7B600B88474 /* GUI Pokemon-Info.plist */ = {isa = PBXFileReference; lastKnownFileType = text.plist.xml; path = "GUI Pokemon-Info.plist"; sourceTree = "<group>"; };
		BF63C44F20BDF7B600B88474 /* ResourcePath.mm */ = {isa = PBXFileReference; lastKnownFileType = sourcecode.cpp.objcpp; path = ResourcePath.mm; sourceTree = "<group>"; };
		BF63C45120BDF7B600B88474 /* ResourcePath.hpp */ = {isa = PBXFileReference; lastKnownFileType = sourcecode.cpp.h; path = ResourcePath.hpp; sourceTree = "<group>"; };
		BF63C45220BDF7B600B88474 /* main.cpp */ = {isa = PBXFileReference; lastKnownFileType = sourcecode.cpp.cpp; path = main.cpp; sourceTree = "<group>"; };
		BFF3903E20BE044F001BB7A4 /* Clases */ = {isa = PBXFileReference; lastKnownFileType = folder; path = Clases; sourceTree = SOURCE_ROOT; };
		E720612520BDFC68003DDE57 /* Sounds */ = {isa = PBXFileReference; lastKnownFileType = folder; name = Sounds; path = Pokes/Sounds; sourceTree = SOURCE_ROOT; };
		E720612620BDFC68003DDE57 /* Trainers */ = {isa = PBXFileReference; lastKnownFileType = folder; name = Trainers; path = Pokes/Trainers; sourceTree = SOURCE_ROOT; };
		E720612720BDFC68003DDE57 /* Others */ = {isa = PBXFileReference; lastKnownFileType = folder; name = Others; path = Pokes/Others; sourceTree = SOURCE_ROOT; };
		E720612820BDFC68003DDE57 /* Backgrounds */ = {isa = PBXFileReference; lastKnownFileType = folder; name = Backgrounds; path = Pokes/Backgrounds; sourceTree = SOURCE_ROOT; };
		E720612920BDFC68003DDE57 /* Pokemons */ = {isa = PBXFileReference; lastKnownFileType = folder; name = Pokemons; path = Pokes/Pokemons; sourceTree = SOURCE_ROOT; };
		E720612A20BDFC68003DDE57 /* Fonts */ = {isa = PBXFileReference; lastKnownFileType = folder; name = Fonts; path = Pokes/Fonts; sourceTree = SOURCE_ROOT; };
		E756F94F20BEE2110044C2F9 /* Menu.cpp */ = {isa = PBXFileReference; fileEncoding = 4; lastKnownFileType = sourcecode.cpp.cpp; name = Menu.cpp; path = ../../../../Downloads/Menu.cpp; sourceTree = "<group>"; };
		E756F95020BEE2110044C2F9 /* Menu.hpp */ = {isa = PBXFileReference; fileEncoding = 4; lastKnownFileType = sourcecode.cpp.h; name = Menu.hpp; path = ../../../../Downloads/Menu.hpp; sourceTree = "<group>"; };
		E756F95220BF26F80044C2F9 /* move.h */ = {isa = PBXFileReference; fileEncoding = 4; lastKnownFileType = sourcecode.c.h; name = move.h; path = Clases/move.h; sourceTree = SOURCE_ROOT; };
		E756F95320BF26F90044C2F9 /* item.h */ = {isa = PBXFileReference; fileEncoding = 4; lastKnownFileType = sourcecode.c.h; name = item.h; path = Clases/item.h; sourceTree = SOURCE_ROOT; };
		E756F95420BF26F90044C2F9 /* player.h */ = {isa = PBXFileReference; fileEncoding = 4; lastKnownFileType = sourcecode.c.h; name = player.h; path = Clases/player.h; sourceTree = SOURCE_ROOT; };
		E756F95520BF26F90044C2F9 /* pokemon.h */ = {isa = PBXFileReference; fileEncoding = 4; lastKnownFileType = sourcecode.c.h; name = pokemon.h; path = Clases/pokemon.h; sourceTree = SOURCE_ROOT; };
		E756F95820BF26F90044C2F9 /* player.cc */ = {isa = PBXFileReference; fileEncoding = 4; lastKnownFileType = sourcecode.cpp.cpp; name = player.cc; path = Clases/player.cc; sourceTree = SOURCE_ROOT; };
		E756F95A20BF26FA0044C2F9 /* move.cc */ = {isa = PBXFileReference; fileEncoding = 4; lastKnownFileType = sourcecode.cpp.cpp; name = move.cc; path = Clases/move.cc; sourceTree = SOURCE_ROOT; };
		E756F95B20BF26FA0044C2F9 /* type.cc */ = {isa = PBXFileReference; fileEncoding = 4; lastKnownFileType = sourcecode.cpp.cpp; name = type.cc; path = Clases/type.cc; sourceTree = SOURCE_ROOT; };
		E756F95C20BF26FA0044C2F9 /* type.h */ = {isa = PBXFileReference; fileEncoding = 4; lastKnownFileType = sourcecode.c.h; name = type.h; path = Clases/type.h; sourceTree = SOURCE_ROOT; };
		E756F95E20BF26FA0044C2F9 /* pokemon.cc */ = {isa = PBXFileReference; fileEncoding = 4; lastKnownFileType = sourcecode.cpp.cpp; name = pokemon.cc; path = Clases/pokemon.cc; sourceTree = SOURCE_ROOT; };
		E7C4A65C20BF3598001C1F37 /* item.cc */ = {isa = PBXFileReference; fileEncoding = 4; lastKnownFileType = sourcecode.cpp.cpp; name = item.cc; path = Clases/item.cc; sourceTree = SOURCE_ROOT; };
/* End PBXFileReference section */

/* Begin PBXFrameworksBuildPhase section */
		BF63C44620BDF7B600B88474 /* Frameworks */ = {
			isa = PBXFrameworksBuildPhase;
			buildActionMask = 2147483647;
			files = (
			);
			runOnlyForDeploymentPostprocessing = 0;
		};
/* End PBXFrameworksBuildPhase section */

/* Begin PBXGroup section */
		BF63C44020BDF7B600B88474 = {
			isa = PBXGroup;
			children = (
				BF63C44C20BDF7B600B88474 /* GUI Pokemon */,
				BF63C44B20BDF7B600B88474 /* Products */,
			);
			sourceTree = "<group>";
		};
		BF63C44B20BDF7B600B88474 /* Products */ = {
			isa = PBXGroup;
			children = (
				BF63C44A20BDF7B600B88474 /* GUI Pokemon.app */,
			);
			name = Products;
			sourceTree = "<group>";
		};
		BF63C44C20BDF7B600B88474 /* GUI Pokemon */ = {
			isa = PBXGroup;
			children = (
				E7C4A65C20BF3598001C1F37 /* item.cc */,
				E756F95320BF26F90044C2F9 /* item.h */,
				E756F95A20BF26FA0044C2F9 /* move.cc */,
				E756F95220BF26F80044C2F9 /* move.h */,
				E756F95820BF26F90044C2F9 /* player.cc */,
				E756F95420BF26F90044C2F9 /* player.h */,
				E756F95E20BF26FA0044C2F9 /* pokemon.cc */,
				E756F95520BF26F90044C2F9 /* pokemon.h */,
				E756F95B20BF26FA0044C2F9 /* type.cc */,
				E756F95C20BF26FA0044C2F9 /* type.h */,
				E756F94F20BEE2110044C2F9 /* Menu.cpp */,
				E756F95020BEE2110044C2F9 /* Menu.hpp */,
				BF63C44F20BDF7B600B88474 /* ResourcePath.mm */,
				BF63C45120BDF7B600B88474 /* ResourcePath.hpp */,
				BF63C45220BDF7B600B88474 /* main.cpp */,
				BF63C45420BDF7B600B88474 /* Resources */,
				BF63C44D20BDF7B600B88474 /* Supporting Files */,
			);
			path = "GUI Pokemon";
			sourceTree = "<group>";
		};
		BF63C44D20BDF7B600B88474 /* Supporting Files */ = {
			isa = PBXGroup;
			children = (
				BF63C44E20BDF7B600B88474 /* GUI Pokemon-Info.plist */,
			);
			name = "Supporting Files";
			sourceTree = "<group>";
		};
		BF63C45420BDF7B600B88474 /* Resources */ = {
			isa = PBXGroup;
			children = (
				BFF3903E20BE044F001BB7A4 /* Clases */,
				E720612820BDFC68003DDE57 /* Backgrounds */,
				E720612A20BDFC68003DDE57 /* Fonts */,
				E720612720BDFC68003DDE57 /* Others */,
				E720612920BDFC68003DDE57 /* Pokemons */,
				E720612520BDFC68003DDE57 /* Sounds */,
				E720612620BDFC68003DDE57 /* Trainers */,
			);
			name = Resources;
			sourceTree = "<group>";
		};
/* End PBXGroup section */

/* Begin PBXNativeTarget section */
		BF63C44920BDF7B600B88474 /* GUI Pokemon */ = {
			isa = PBXNativeTarget;
			buildConfigurationList = BF63C45F20BDF7B600B88474 /* Build configuration list for PBXNativeTarget "GUI Pokemon" */;
			buildPhases = (
				BF63C44520BDF7B600B88474 /* Sources */,
				BF63C44620BDF7B600B88474 /* Frameworks */,
				BF63C44720BDF7B600B88474 /* Resources */,
				BF63C44820BDF7B600B88474 /* ShellScript */,
			);
			buildRules = (
			);
			dependencies = (
			);
			name = "GUI Pokemon";
			productName = "GUI Pokemon";
			productReference = BF63C44A20BDF7B600B88474 /* GUI Pokemon.app */;
			productType = "com.apple.product-type.application";
		};
/* End PBXNativeTarget section */

/* Begin PBXProject section */
		BF63C44120BDF7B600B88474 /* Project object */ = {
			isa = PBXProject;
			attributes = {
				LastUpgradeCheck = 0930;
				ORGANIZATIONNAME = "Jaime Saul Alonso Sanchez";
				TargetAttributes = {
					BF63C44920BDF7B600B88474 = {
						CreatedOnToolsVersion = 9.2;
						ProvisioningStyle = Automatic;
					};
				};
			};
			buildConfigurationList = BF63C44420BDF7B600B88474 /* Build configuration list for PBXProject "GUI Pokemon" */;
			compatibilityVersion = "Xcode 8.0";
			developmentRegion = en;
			hasScannedForEncodings = 0;
			knownRegions = (
				en,
			);
			mainGroup = BF63C44020BDF7B600B88474;
			productRefGroup = BF63C44B20BDF7B600B88474 /* Products */;
			projectDirPath = "";
			projectRoot = "";
			targets = (
				BF63C44920BDF7B600B88474 /* GUI Pokemon */,
			);
		};
/* End PBXProject section */

/* Begin PBXResourcesBuildPhase section */
		BF63C44720BDF7B600B88474 /* Resources */ = {
			isa = PBXResourcesBuildPhase;
			buildActionMask = 2147483647;
			files = (
				E720612C20BDFC68003DDE57 /* Trainers in Resources */,
				E720612F20BDFC68003DDE57 /* Pokemons in Resources */,
				BFF3903F20BE044F001BB7A4 /* Clases in Resources */,
				E720612D20BDFC68003DDE57 /* Others in Resources */,
				E720613020BDFC68003DDE57 /* Fonts in Resources */,
				E720612E20BDFC68003DDE57 /* Backgrounds in Resources */,
				E720612B20BDFC68003DDE57 /* Sounds in Resources */,
			);
			runOnlyForDeploymentPostprocessing = 0;
		};
/* End PBXResourcesBuildPhase section */

/* Begin PBXShellScriptBuildPhase section */
		BF63C44820BDF7B600B88474 /* ShellScript */ = {
			isa = PBXShellScriptBuildPhase;
			buildActionMask = 2147483647;
			files = (
			);
			inputPaths = (
			);
			outputPaths = (
			);
			runOnlyForDeploymentPostprocessing = 0;
			shellPath = /bin/sh;
			shellScript = "# This shell script simply copies required SFML dylibs/frameworks into the application bundle frameworks folder.\n# If you're using static libraries (which is not recommended) you should remove this script from your project.\n\n# SETTINGS\nSFML_DEPENDENCIES_INSTALL_PREFIX=\"/Library/Frameworks\"\nCMAKE_INSTALL_FRAMEWORK_PREFIX=\"/Library/Frameworks\"\nCMAKE_INSTALL_LIB_PREFIX=\"/usr/local/lib\"\nFRAMEWORKS_FULL_PATH=\"$BUILT_PRODUCTS_DIR/$FRAMEWORKS_FOLDER_PATH/\"\n\n# Are we building a project that uses frameworks or dylibs?\ncase \"$SFML_BINARY_TYPE\" in\n    DYLIBS)\n        frameworks=\"false\"\n        ;;\n    *)\n        frameworks=\"true\"\n        ;;\nesac\n\n# Echoes to stderr\nerror () # $* message to display\n{\n    echo $* 1>&2\n    exit 2\n}\n\nassert () # $1 is a boolean, $2...N is an error message\n{\n    if [ $# -lt 2 ]\n    then\n        error \"Internal error in assert: not enough args\"\n    fi\n\n    if [ $1 -ne 0 ]\n    then\n        shift\n        error \"$*\"\n    fi\n}\n\nforce_remove () # $@ is some paths\n{\n    test $# -ge 1\n    assert $? \"force_remove() requires at least one parameter\"\n    rm -fr $@\n    assert $? \"couldn't remove $@\"\n}\n\ncopy () # $1 is a source, $2 is a destination\n{\n    test $# -eq 2\n    assert $? \"copy() requires two parameters\"\n    ditto \"$1\" \"$2\"\n    assert $? \"couldn't copy $1 to $2\"\n}\n\nrequire () # $1 is a SFML module like 'system' or 'audio'\n{\n    dest=\"$BUILT_PRODUCTS_DIR/$FRAMEWORKS_FOLDER_PATH/\"\n\n    if [ -z \"$1\" ]\n    then\n        error \"require() requires one parameter!\"\n    else\n        # clean potentially old stuff\n        force_remove \"$dest/libsfml-$1\"*\n        force_remove \"$dest/sfml-$1.framework\"\n\n        # copy SFML libraries\n        if [ \"$frameworks\" = \"true\" ]\n        then\n            source=\"$CMAKE_INSTALL_FRAMEWORK_PREFIX/sfml-$1.framework\"\n            target=\"sfml-$1.framework\"\n        elif [ \"$SFML_LINK_DYLIBS_SUFFIX\" = \"-d\" ]\n        then\n            source=\"$CMAKE_INSTALL_LIB_PREFIX/libsfml-$1-d.dylib\"\n            target=\"`readlink $source`\"\n        else\n            source=\"$CMAKE_INSTALL_LIB_PREFIX/libsfml-$1.dylib\"\n            target=\"`readlink $source`\"\n        fi\n\n        copy \"$source\" \"$dest/$target\"\n\n        # copy extra dependencies\n        if [ \"$1\" = \"audio\" ]\n        then\n            # copy \"FLAC\" \"ogg\" \"vorbis\" \"vorbisenc\" \"vorbisfile\" \"OpenAL\" frameworks too\n            for f in \"FLAC\" \"ogg\" \"vorbis\" \"vorbisenc\" \"vorbisfile\" \"OpenAL\"\n            do\n                copy \"$SFML_DEPENDENCIES_INSTALL_PREFIX/$f.framework\" \"$dest/$f.framework\"\n            done\n        elif [ \"$1\" = \"graphics\" ]\n        then\n            copy \"$SFML_DEPENDENCIES_INSTALL_PREFIX/freetype.framework\" \"$dest/freetype.framework\"\n        fi\n    fi\n}\n\nif [ -n \"$SFML_SYSTEM\" ]\nthen\n    require \"system\"\nfi\n\nif [ -n \"$SFML_AUDIO\" ]\nthen\n    require \"audio\"\nfi\n\nif [ -n \"$SFML_NETWORK\" ]\nthen\n    require \"network\"\nfi\n\nif [ -n \"$SFML_WINDOW\" ]\nthen\n    require \"window\"\nfi\n\nif [ -n \"$SFML_GRAPHICS\" ]\nthen\n    require \"graphics\"\nfi\n\n                ";
		};
/* End PBXShellScriptBuildPhase section */

/* Begin PBXSourcesBuildPhase section */
		BF63C44520BDF7B600B88474 /* Sources */ = {
			isa = PBXSourcesBuildPhase;
			buildActionMask = 2147483647;
			files = (
				E756F95120BEE2110044C2F9 /* Menu.cpp in Sources */,
				E756F96B20BF26FB0044C2F9 /* pokemon.cc in Sources */,
				E7C4A65D20BF3599001C1F37 /* item.cc in Sources */,
				BF63C45320BDF7B600B88474 /* main.cpp in Sources */,
				E756F96720BF26FB0044C2F9 /* player.cc in Sources */,
				E756F96920BF26FB0044C2F9 /* type.cc in Sources */,
				E756F96820BF26FB0044C2F9 /* move.cc in Sources */,
				BF63C45020BDF7B600B88474 /* ResourcePath.mm in Sources */,
			);
			runOnlyForDeploymentPostprocessing = 0;
		};
/* End PBXSourcesBuildPhase section */

/* Begin XCBuildConfiguration section */
		BF63C45D20BDF7B600B88474 /* Debug */ = {
			isa = XCBuildConfiguration;
			buildSettings = {
				CLANG_CXX_LANGUAGE_STANDARD = "c++11";
				CLANG_CXX_LIBRARY = "libc++";
				CLANG_WARN_BLOCK_CAPTURE_AUTORELEASING = YES;
				CLANG_WARN_BOOL_CONVERSION = YES;
				CLANG_WARN_COMMA = YES;
				CLANG_WARN_CONSTANT_CONVERSION = YES;
				CLANG_WARN_DEPRECATED_OBJC_IMPLEMENTATIONS = YES;
				CLANG_WARN_EMPTY_BODY = YES;
				CLANG_WARN_ENUM_CONVERSION = YES;
				CLANG_WARN_INFINITE_RECURSION = YES;
				CLANG_WARN_INT_CONVERSION = YES;
				CLANG_WARN_NON_LITERAL_NULL_CONVERSION = YES;
				CLANG_WARN_OBJC_IMPLICIT_RETAIN_SELF = YES;
				CLANG_WARN_OBJC_LITERAL_CONVERSION = YES;
				CLANG_WARN_RANGE_LOOP_ANALYSIS = YES;
				CLANG_WARN_STRICT_PROTOTYPES = YES;
				CLANG_WARN_SUSPICIOUS_MOVE = YES;
				CLANG_WARN_UNREACHABLE_CODE = YES;
				CLANG_WARN__DUPLICATE_METHOD_MATCH = YES;
				ENABLE_STRICT_OBJC_MSGSEND = YES;
				ENABLE_TESTABILITY = YES;
				FRAMEWORK_SEARCH_PATHS = (
					/Library/Frameworks/,
					"$(inherited)",
				);
				GCC_NO_COMMON_BLOCKS = YES;
				GCC_VERSION = com.apple.compilers.llvm.clang.1_0;
				GCC_WARN_64_TO_32_BIT_CONVERSION = YES;
				GCC_WARN_ABOUT_RETURN_TYPE = YES;
				GCC_WARN_UNDECLARED_SELECTOR = YES;
				GCC_WARN_UNINITIALIZED_AUTOS = YES;
				GCC_WARN_UNUSED_FUNCTION = YES;
				GCC_WARN_UNUSED_VARIABLE = YES;
				HEADER_SEARCH_PATHS = (
					/usr/local/include/,
					"$(inherited)",
				);
				LIBRARY_SEARCH_PATHS = (
					/usr/local/lib/,
					"$(inherited)",
				);
				MACOSX_DEPLOYMENT_TARGET = 10.7;
				ONLY_ACTIVE_ARCH = YES;
				OTHER_LDFLAGS = (
					"$(inherited)",
					"$(SFML_SYSTEM)",
					"$(SFML_WINDOW)",
					"$(SFML_GRAPHICS)",
					"$(SFML_AUDIO)",
					"$(SFML_NETWORK)",
				);
				SFML_AUDIO = "$(SFML_LINK_PREFIX) sfml-audio$(SFML_LINK_SUFFIX)";
				SFML_BINARY_TYPE = FRAMEWORKS;
				SFML_GRAPHICS = "$(SFML_LINK_PREFIX) sfml-graphics$(SFML_LINK_SUFFIX)";
				SFML_LINK_DYLIBS_PREFIX = "-l";
				SFML_LINK_DYLIBS_SUFFIX = "";
				SFML_LINK_FRAMEWORKS_PREFIX = "-framework";
				SFML_LINK_FRAMEWORKS_SUFFIX = "";
				SFML_LINK_PREFIX = "$(SFML_LINK_$(SFML_BINARY_TYPE)_PREFIX)";
				SFML_LINK_SUFFIX = "$(SFML_LINK_$(SFML_BINARY_TYPE)_SUFFIX)";
				SFML_NETWORK = "$(SFML_LINK_PREFIX) sfml-network$(SFML_LINK_SUFFIX)";
				SFML_SYSTEM = "$(SFML_LINK_PREFIX) sfml-system$(SFML_LINK_SUFFIX)";
				SFML_WINDOW = "$(SFML_LINK_PREFIX) sfml-window$(SFML_LINK_SUFFIX)";
				SUPPORTED_PLATFORMS = macosx;
			};
			name = Debug;
		};
		BF63C45E20BDF7B600B88474 /* Release */ = {
			isa = XCBuildConfiguration;
			buildSettings = {
				CLANG_CXX_LANGUAGE_STANDARD = "c++11";
				CLANG_CXX_LIBRARY = "libc++";
				CLANG_WARN_BLOCK_CAPTURE_AUTORELEASING = YES;
				CLANG_WARN_BOOL_CONVERSION = YES;
				CLANG_WARN_COMMA = YES;
				CLANG_WARN_CONSTANT_CONVERSION = YES;
				CLANG_WARN_DEPRECATED_OBJC_IMPLEMENTATIONS = YES;
				CLANG_WARN_EMPTY_BODY = YES;
				CLANG_WARN_ENUM_CONVERSION = YES;
				CLANG_WARN_INFINITE_RECURSION = YES;
				CLANG_WARN_INT_CONVERSION = YES;
				CLANG_WARN_NON_LITERAL_NULL_CONVERSION = YES;
				CLANG_WARN_OBJC_IMPLICIT_RETAIN_SELF = YES;
				CLANG_WARN_OBJC_LITERAL_CONVERSION = YES;
				CLANG_WARN_RANGE_LOOP_ANALYSIS = YES;
				CLANG_WARN_STRICT_PROTOTYPES = YES;
				CLANG_WARN_SUSPICIOUS_MOVE = YES;
				CLANG_WARN_UNREACHABLE_CODE = YES;
				CLANG_WARN__DUPLICATE_METHOD_MATCH = YES;
				ENABLE_STRICT_OBJC_MSGSEND = YES;
				FRAMEWORK_SEARCH_PATHS = (
					/Library/Frameworks/,
					"$(inherited)",
				);
				GCC_NO_COMMON_BLOCKS = YES;
				GCC_VERSION = com.apple.compilers.llvm.clang.1_0;
				GCC_WARN_64_TO_32_BIT_CONVERSION = YES;
				GCC_WARN_ABOUT_RETURN_TYPE = YES;
				GCC_WARN_UNDECLARED_SELECTOR = YES;
				GCC_WARN_UNINITIALIZED_AUTOS = YES;
				GCC_WARN_UNUSED_FUNCTION = YES;
				GCC_WARN_UNUSED_VARIABLE = YES;
				HEADER_SEARCH_PATHS = (
					/usr/local/include/,
					"$(inherited)",
				);
				LIBRARY_SEARCH_PATHS = (
					/usr/local/lib/,
					"$(inherited)",
				);
				MACOSX_DEPLOYMENT_TARGET = 10.7;
				OTHER_LDFLAGS = (
					"$(inherited)",
					"$(SFML_SYSTEM)",
					"$(SFML_WINDOW)",
					"$(SFML_GRAPHICS)",
					"$(SFML_AUDIO)",
					"$(SFML_NETWORK)",
				);
				SFML_AUDIO = "$(SFML_LINK_PREFIX) sfml-audio$(SFML_LINK_SUFFIX)";
				SFML_BINARY_TYPE = FRAMEWORKS;
				SFML_GRAPHICS = "$(SFML_LINK_PREFIX) sfml-graphics$(SFML_LINK_SUFFIX)";
				SFML_LINK_DYLIBS_PREFIX = "-l";
				SFML_LINK_DYLIBS_SUFFIX = "";
				SFML_LINK_FRAMEWORKS_PREFIX = "-framework";
				SFML_LINK_FRAMEWORKS_SUFFIX = "";
				SFML_LINK_PREFIX = "$(SFML_LINK_$(SFML_BINARY_TYPE)_PREFIX)";
				SFML_LINK_SUFFIX = "$(SFML_LINK_$(SFML_BINARY_TYPE)_SUFFIX)";
				SFML_NETWORK = "$(SFML_LINK_PREFIX) sfml-network$(SFML_LINK_SUFFIX)";
				SFML_SYSTEM = "$(SFML_LINK_PREFIX) sfml-system$(SFML_LINK_SUFFIX)";
				SFML_WINDOW = "$(SFML_LINK_PREFIX) sfml-window$(SFML_LINK_SUFFIX)";
				SUPPORTED_PLATFORMS = macosx;
			};
			name = Release;
		};
		BF63C46020BDF7B600B88474 /* Debug */ = {
			isa = XCBuildConfiguration;
			buildSettings = {
				CLANG_ENABLE_OBJC_WEAK = YES;
				CODE_SIGN_STYLE = Automatic;
				INFOPLIST_FILE = "GUI Pokemon/GUI Pokemon-Info.plist";
				LD_RUNPATH_SEARCH_PATHS = "@loader_path/../Frameworks";
				PRODUCT_BUNDLE_IDENTIFIER = "jasajsas.${PRODUCT_NAME:rfc1034identifier}";
				PRODUCT_NAME = "$(TARGET_NAME)";
			};
			name = Debug;
		};
		BF63C46120BDF7B600B88474 /* Release */ = {
			isa = XCBuildConfiguration;
			buildSettings = {
				CLANG_ENABLE_OBJC_WEAK = YES;
				CODE_SIGN_STYLE = Automatic;
				INFOPLIST_FILE = "GUI Pokemon/GUI Pokemon-Info.plist";
				LD_RUNPATH_SEARCH_PATHS = "@loader_path/../Frameworks";
				PRODUCT_BUNDLE_IDENTIFIER = "jasajsas.${PRODUCT_NAME:rfc1034identifier}";
				PRODUCT_NAME = "$(TARGET_NAME)";
			};
			name = Release;
		};
/* End XCBuildConfiguration section */

/* Begin XCConfigurationList section */
		BF63C44420BDF7B600B88474 /* Build configuration list for PBXProject "GUI Pokemon" */ = {
			isa = XCConfigurationList;
			buildConfigurations = (
				BF63C45D20BDF7B600B88474 /* Debug */,
				BF63C45E20BDF7B600B88474 /* Release */,
			);
			defaultConfigurationIsVisible = 0;
			defaultConfigurationName = Release;
		};
		BF63C45F20BDF7B600B88474 /* Build configuration list for PBXNativeTarget "GUI Pokemon" */ = {
			isa = XCConfigurationList;
			buildConfigurations = (
				BF63C46020BDF7B600B88474 /* Debug */,
				BF63C46120BDF7B600B88474 /* Release */,
			);
			defaultConfigurationIsVisible = 0;
			defaultConfigurationName = Release;
		};
/* End XCConfigurationList section */
	};
	rootObject = BF63C44120BDF7B600B88474 /* Project object */;
}
